
Microsoft Visual Studio Solution File, Format Version 12.00
# Visual Studio 15
VisualStudioVersion = 15.0.28307.779
MinimumVisualStudioVersion = 10.0.40219.1
Project("{2150E333-8FDC-42A3-9474-1A3956D46DE8}") = "Common", "Common", "{C269EF37-8C48-4F46-A4C2-F43D77FDBCEA}"
EndProject
Project("{2150E333-8FDC-42A3-9474-1A3956D46DE8}") = "Model", "Model", "{9F6DBB13-1018-456F-82B1-65F426284AE4}"
EndProject
Project("{2150E333-8FDC-42A3-9474-1A3956D46DE8}") = "UI", "UI", "{4DF8ED22-8AFD-4572-87FD-CC723476B521}"
EndProject
Project("{FAE04EC0-301F-11D3-BF4B-00C04F79EFBC}") = "LibrarySystem.Helper", "LibrarySystem.Helper\LibrarySystem.Helper.csproj", "{0F1DE716-1C20-475E-81EE-06CFB57F09CD}"
EndProject
Project("{FAE04EC0-301F-11D3-BF4B-00C04F79EFBC}") = "LibrarySystem.Service", "LibrarySystem.Service\LibrarySystem.Service.csproj", "{EF16ABAB-C237-443A-BA91-44E4A39F9100}"
EndProject
Project("{FAE04EC0-301F-11D3-BF4B-00C04F79EFBC}") = "LibrarySystem.Dal", "LibrarySystem.Dal\LibrarySystem.Dal.csproj", "{4571DFB1-147A-467E-9135-093D38C3753F}"
EndProject
Project("{FAE04EC0-301F-11D3-BF4B-00C04F79EFBC}") = "LibrarySystem.Site", "LibrarySystem.Site\LibrarySystem.Site.csproj", "{44557EE3-DA9C-4629-ADFA-292ED3A00524}"
EndProject
Global
	GlobalSection(SolutionConfigurationPlatforms) = preSolution
		Debug|Any CPU = Debug|Any CPU
		Release|Any CPU = Release|Any CPU
	EndGlobalSection
	GlobalSection(ProjectConfigurationPlatforms) = postSolution
		{0F1DE716-1C20-475E-81EE-06CFB57F09CD}.Debug|Any CPU.ActiveCfg = Debug|Any CPU
		{0F1DE716-1C20-475E-81EE-06CFB57F09CD}.Debug|Any CPU.Build.0 = Debug|Any CPU
		{0F1DE716-1C20-475E-81EE-06CFB57F09CD}.Release|Any CPU.ActiveCfg = Release|Any CPU
		{0F1DE716-1C20-475E-81EE-06CFB57F09CD}.Release|Any CPU.Build.0 = Release|Any CPU
		{EF16ABAB-C237-443A-BA91-44E4A39F9100}.Debug|Any CPU.ActiveCfg = Debug|Any CPU
		{EF16ABAB-C237-443A-BA91-44E4A39F9100}.Debug|Any CPU.Build.0 = Debug|Any CPU
		{EF16ABAB-C237-443A-BA91-44E4A39F9100}.Release|Any CPU.ActiveCfg = Release|Any CPU
		{EF16ABAB-C237-443A-BA91-44E4A39F9100}.Release|Any CPU.Build.0 = Release|Any CPU
		{4571DFB1-147A-467E-9135-093D38C3753F}.Debug|Any CPU.ActiveCfg = Debug|Any CPU
		{4571DFB1-147A-467E-9135-093D38C3753F}.Debug|Any CPU.Build.0 = Debug|Any CPU
		{4571DFB1-147A-467E-9135-093D38C3753F}.Release|Any CPU.ActiveCfg = Release|Any CPU
		{4571DFB1-147A-467E-9135-093D38C3753F}.Release|Any CPU.Build.0 = Release|Any CPU
		{44557EE3-DA9C-4629-ADFA-292ED3A00524}.Debug|Any CPU.ActiveCfg = Debug|Any CPU
		{44557EE3-DA9C-4629-ADFA-292ED3A00524}.Debug|Any CPU.Build.0 = Debug|Any CPU
		{44557EE3-DA9C-4629-ADFA-292ED3A00524}.Release|Any CPU.ActiveCfg = Release|Any CPU
		{44557EE3-DA9C-4629-ADFA-292ED3A00524}.Release|Any CPU.Build.0 = Release|Any CPU
	EndGlobalSection
	GlobalSection(SolutionProperties) = preSolution
		HideSolutionNode = FALSE
	EndGlobalSection
	GlobalSection(NestedProjects) = preSolution
		{0F1DE716-1C20-475E-81EE-06CFB57F09CD} = {C269EF37-8C48-4F46-A4C2-F43D77FDBCEA}
		{EF16ABAB-C237-443A-BA91-44E4A39F9100} = {C269EF37-8C48-4F46-A4C2-F43D77FDBCEA}
		{4571DFB1-147A-467E-9135-093D38C3753F} = {9F6DBB13-1018-456F-82B1-65F426284AE4}
		{44557EE3-DA9C-4629-ADFA-292ED3A00524} = {4DF8ED22-8AFD-4572-87FD-CC723476B521}
	EndGlobalSection
	GlobalSection(ExtensibilityGlobals) = postSolution
		SolutionGuid = {62A62AB7-038D-45B6-A6F1-C378E4D56E99}
	EndGlobalSection
EndGlobal
